// !$*UTF8*$!
{
	archiveVersion = 1;
	classes = {
	};
	objectVersion = 55;
	objects = {

/* Begin PBXBuildFile section */
		AD9808F9287B9E85003202E4 /* AppDelegate.swift in Sources */ = {isa = PBXBuildFile; fileRef = AD9808F8287B9E85003202E4 /* AppDelegate.swift */; };
		AD9808FB287B9E85003202E4 /* SceneDelegate.swift in Sources */ = {isa = PBXBuildFile; fileRef = AD9808FA287B9E85003202E4 /* SceneDelegate.swift */; };
		AD9808FD287B9E85003202E4 /* AssetViewController.swift in Sources */ = {isa = PBXBuildFile; fileRef = AD9808FC287B9E85003202E4 /* AssetViewController.swift */; };
		AD980902287B9E87003202E4 /* Assets.xcassets in Resources */ = {isa = PBXBuildFile; fileRef = AD980901287B9E87003202E4 /* Assets.xcassets */; };
		AD980905287B9E87003202E4 /* LaunchScreen.storyboard in Resources */ = {isa = PBXBuildFile; fileRef = AD980903287B9E87003202E4 /* LaunchScreen.storyboard */; };
		AD980910287B9E88003202E4 /* TableViewExampleTests.swift in Sources */ = {isa = PBXBuildFile; fileRef = AD98090F287B9E88003202E4 /* TableViewExampleTests.swift */; };
		AD98091A287B9E88003202E4 /* TableViewExampleUITests.swift in Sources */ = {isa = PBXBuildFile; fileRef = AD980919287B9E88003202E4 /* TableViewExampleUITests.swift */; };
		AD98091C287B9E88003202E4 /* TableViewExampleUITestsLaunchTests.swift in Sources */ = {isa = PBXBuildFile; fileRef = AD98091B287B9E88003202E4 /* TableViewExampleUITestsLaunchTests.swift */; };
		AD980932287C0D6F003202E4 /* SnapKit in Frameworks */ = {isa = PBXBuildFile; productRef = AD980931287C0D6F003202E4 /* SnapKit */; };
		AD9A6621287CE6C30059E953 /* AssetHeaderSectionView.swift in Sources */ = {isa = PBXBuildFile; fileRef = AD9A6620287CE6C20059E953 /* AssetHeaderSectionView.swift */; };
		AD9A6626287CEC150059E953 /* AssetTableViewCell.swift in Sources */ = {isa = PBXBuildFile; fileRef = AD9A6625287CEC150059E953 /* AssetTableViewCell.swift */; };
		AD9A6628287D05960059E953 /* AccountDetailRowView.swift in Sources */ = {isa = PBXBuildFile; fileRef = AD9A6627287D05960059E953 /* AccountDetailRowView.swift */; };
		AD9A662A287D202B0059E953 /* AccountInfoView.swift in Sources */ = {isa = PBXBuildFile; fileRef = AD9A6629287D202B0059E953 /* AccountInfoView.swift */; };
		AD9A662C287D25440059E953 /* AssetBottomButtonView.swift in Sources */ = {isa = PBXBuildFile; fileRef = AD9A662B287D25440059E953 /* AssetBottomButtonView.swift */; };
		AD9A662E287D4B2D0059E953 /* AssetButtonViewWithUnderBar.swift in Sources */ = {isa = PBXBuildFile; fileRef = AD9A662D287D4B2D0059E953 /* AssetButtonViewWithUnderBar.swift */; };
/* End PBXBuildFile section */

/* Begin PBXContainerItemProxy section */
		AD98090C287B9E88003202E4 /* PBXContainerItemProxy */ = {
			isa = PBXContainerItemProxy;
			containerPortal = AD9808ED287B9E85003202E4 /* Project object */;
			proxyType = 1;
			remoteGlobalIDString = AD9808F4287B9E85003202E4;
			remoteInfo = TableViewExample;
		};
		AD980916287B9E88003202E4 /* PBXContainerItemProxy */ = {
			isa = PBXContainerItemProxy;
			containerPortal = AD9808ED287B9E85003202E4 /* Project object */;
			proxyType = 1;
			remoteGlobalIDString = AD9808F4287B9E85003202E4;
			remoteInfo = TableViewExample;
		};
/* End PBXContainerItemProxy section */

/* Begin PBXFileReference section */
		AD9808F5287B9E85003202E4 /* TableViewExample.app */ = {isa = PBXFileReference; explicitFileType = wrapper.application; includeInIndex = 0; path = TableViewExample.app; sourceTree = BUILT_PRODUCTS_DIR; };
		AD9808F8287B9E85003202E4 /* AppDelegate.swift */ = {isa = PBXFileReference; lastKnownFileType = sourcecode.swift; path = AppDelegate.swift; sourceTree = "<group>"; };
		AD9808FA287B9E85003202E4 /* SceneDelegate.swift */ = {isa = PBXFileReference; lastKnownFileType = sourcecode.swift; path = SceneDelegate.swift; sourceTree = "<group>"; };
		AD9808FC287B9E85003202E4 /* AssetViewController.swift */ = {isa = PBXFileReference; lastKnownFileType = sourcecode.swift; path = AssetViewController.swift; sourceTree = "<group>"; };
		AD980901287B9E87003202E4 /* Assets.xcassets */ = {isa = PBXFileReference; lastKnownFileType = folder.assetcatalog; path = Assets.xcassets; sourceTree = "<group>"; };
		AD980904287B9E87003202E4 /* Base */ = {isa = PBXFileReference; lastKnownFileType = file.storyboard; name = Base; path = Base.lproj/LaunchScreen.storyboard; sourceTree = "<group>"; };
		AD980906287B9E87003202E4 /* Info.plist */ = {isa = PBXFileReference; lastKnownFileType = text.plist.xml; path = Info.plist; sourceTree = "<group>"; };
		AD98090B287B9E88003202E4 /* TableViewExampleTests.xctest */ = {isa = PBXFileReference; explicitFileType = wrapper.cfbundle; includeInIndex = 0; path = TableViewExampleTests.xctest; sourceTree = BUILT_PRODUCTS_DIR; };
		AD98090F287B9E88003202E4 /* TableViewExampleTests.swift */ = {isa = PBXFileReference; lastKnownFileType = sourcecode.swift; path = TableViewExampleTests.swift; sourceTree = "<group>"; };
		AD980915287B9E88003202E4 /* TableViewExampleUITests.xctest */ = {isa = PBXFileReference; explicitFileType = wrapper.cfbundle; includeInIndex = 0; path = TableViewExampleUITests.xctest; sourceTree = BUILT_PRODUCTS_DIR; };
		AD980919287B9E88003202E4 /* TableViewExampleUITests.swift */ = {isa = PBXFileReference; lastKnownFileType = sourcecode.swift; path = TableViewExampleUITests.swift; sourceTree = "<group>"; };
		AD98091B287B9E88003202E4 /* TableViewExampleUITestsLaunchTests.swift */ = {isa = PBXFileReference; lastKnownFileType = sourcecode.swift; path = TableViewExampleUITestsLaunchTests.swift; sourceTree = "<group>"; };
		AD9A6620287CE6C20059E953 /* AssetHeaderSectionView.swift */ = {isa = PBXFileReference; lastKnownFileType = sourcecode.swift; path = AssetHeaderSectionView.swift; sourceTree = "<group>"; };
		AD9A6625287CEC150059E953 /* AssetTableViewCell.swift */ = {isa = PBXFileReference; lastKnownFileType = sourcecode.swift; path = AssetTableViewCell.swift; sourceTree = "<group>"; };
		AD9A6627287D05960059E953 /* AccountDetailRowView.swift */ = {isa = PBXFileReference; lastKnownFileType = sourcecode.swift; path = AccountDetailRowView.swift; sourceTree = "<group>"; };
		AD9A6629287D202B0059E953 /* AccountInfoView.swift */ = {isa = PBXFileReference; lastKnownFileType = sourcecode.swift; path = AccountInfoView.swift; sourceTree = "<group>"; };
		AD9A662B287D25440059E953 /* AssetBottomButtonView.swift */ = {isa = PBXFileReference; lastKnownFileType = sourcecode.swift; path = AssetBottomButtonView.swift; sourceTree = "<group>"; };
		AD9A662D287D4B2D0059E953 /* AssetButtonViewWithUnderBar.swift */ = {isa = PBXFileReference; lastKnownFileType = sourcecode.swift; path = AssetButtonViewWithUnderBar.swift; sourceTree = "<group>"; };
/* End PBXFileReference section */

/* Begin PBXFrameworksBuildPhase section */
		AD9808F2287B9E85003202E4 /* Frameworks */ = {
			isa = PBXFrameworksBuildPhase;
			buildActionMask = 2147483647;
			files = (
				AD980932287C0D6F003202E4 /* SnapKit in Frameworks */,
			);
			runOnlyForDeploymentPostprocessing = 0;
		};
		AD980908287B9E88003202E4 /* Frameworks */ = {
			isa = PBXFrameworksBuildPhase;
			buildActionMask = 2147483647;
			files = (
			);
			runOnlyForDeploymentPostprocessing = 0;
		};
		AD980912287B9E88003202E4 /* Frameworks */ = {
			isa = PBXFrameworksBuildPhase;
			buildActionMask = 2147483647;
			files = (
			);
			runOnlyForDeploymentPostprocessing = 0;
		};
/* End PBXFrameworksBuildPhase section */

/* Begin PBXGroup section */
		AD9808EC287B9E85003202E4 = {
			isa = PBXGroup;
			children = (
				AD9808F7287B9E85003202E4 /* TableViewExample */,
				AD98090E287B9E88003202E4 /* TableViewExampleTests */,
				AD980918287B9E88003202E4 /* TableViewExampleUITests */,
				AD9808F6287B9E85003202E4 /* Products */,
			);
			sourceTree = "<group>";
		};
		AD9808F6287B9E85003202E4 /* Products */ = {
			isa = PBXGroup;
			children = (
				AD9808F5287B9E85003202E4 /* TableViewExample.app */,
				AD98090B287B9E88003202E4 /* TableViewExampleTests.xctest */,
				AD980915287B9E88003202E4 /* TableViewExampleUITests.xctest */,
			);
			name = Products;
			sourceTree = "<group>";
		};
		AD9808F7287B9E85003202E4 /* TableViewExample */ = {
			isa = PBXGroup;
			children = (
				AD980901287B9E87003202E4 /* Assets.xcassets */,
				AD980903287B9E87003202E4 /* LaunchScreen.storyboard */,
				AD980906287B9E87003202E4 /* Info.plist */,
				AD9A6622287CE9450059E953 /* Delegate */,
				AD9A6624287CE9650059E953 /* Scene */,
			);
			path = TableViewExample;
			sourceTree = "<group>";
		};
		AD98090E287B9E88003202E4 /* TableViewExampleTests */ = {
			isa = PBXGroup;
			children = (
				AD98090F287B9E88003202E4 /* TableViewExampleTests.swift */,
			);
			path = TableViewExampleTests;
			sourceTree = "<group>";
		};
		AD980918287B9E88003202E4 /* TableViewExampleUITests */ = {
			isa = PBXGroup;
			children = (
				AD980919287B9E88003202E4 /* TableViewExampleUITests.swift */,
				AD98091B287B9E88003202E4 /* TableViewExampleUITestsLaunchTests.swift */,
			);
			path = TableViewExampleUITests;
			sourceTree = "<group>";
		};
		AD9A6622287CE9450059E953 /* Delegate */ = {
			isa = PBXGroup;
			children = (
				AD9808F8287B9E85003202E4 /* AppDelegate.swift */,
				AD9808FA287B9E85003202E4 /* SceneDelegate.swift */,
			);
			path = Delegate;
			sourceTree = "<group>";
		};
		AD9A6623287CE9560059E953 /* Asset */ = {
			isa = PBXGroup;
			children = (
				AD9808FC287B9E85003202E4 /* AssetViewController.swift */,
				AD9A6620287CE6C20059E953 /* AssetHeaderSectionView.swift */,
				AD9A6625287CEC150059E953 /* AssetTableViewCell.swift */,
				AD9A6627287D05960059E953 /* AccountDetailRowView.swift */,
				AD9A6629287D202B0059E953 /* AccountInfoView.swift */,
				AD9A662B287D25440059E953 /* AssetBottomButtonView.swift */,
				AD9A662D287D4B2D0059E953 /* AssetButtonViewWithUnderBar.swift */,
			);
			path = Asset;
			sourceTree = "<group>";
		};
		AD9A6624287CE9650059E953 /* Scene */ = {
			isa = PBXGroup;
			children = (
				AD9A6623287CE9560059E953 /* Asset */,
			);
			path = Scene;
			sourceTree = "<group>";
		};
/* End PBXGroup section */

/* Begin PBXNativeTarget section */
		AD9808F4287B9E85003202E4 /* TableViewExample */ = {
			isa = PBXNativeTarget;
			buildConfigurationList = AD98091F287B9E88003202E4 /* Build configuration list for PBXNativeTarget "TableViewExample" */;
			buildPhases = (
				AD9808F1287B9E85003202E4 /* Sources */,
				AD9808F2287B9E85003202E4 /* Frameworks */,
				AD9808F3287B9E85003202E4 /* Resources */,
			);
			buildRules = (
			);
			dependencies = (
			);
			name = TableViewExample;
			packageProductDependencies = (
				AD980931287C0D6F003202E4 /* SnapKit */,
			);
			productName = TableViewExample;
			productReference = AD9808F5287B9E85003202E4 /* TableViewExample.app */;
			productType = "com.apple.product-type.application";
		};
		AD98090A287B9E88003202E4 /* TableViewExampleTests */ = {
			isa = PBXNativeTarget;
			buildConfigurationList = AD980922287B9E88003202E4 /* Build configuration list for PBXNativeTarget "TableViewExampleTests" */;
			buildPhases = (
				AD980907287B9E88003202E4 /* Sources */,
				AD980908287B9E88003202E4 /* Frameworks */,
				AD980909287B9E88003202E4 /* Resources */,
			);
			buildRules = (
			);
			dependencies = (
				AD98090D287B9E88003202E4 /* PBXTargetDependency */,
			);
			name = TableViewExampleTests;
			productName = TableViewExampleTests;
			productReference = AD98090B287B9E88003202E4 /* TableViewExampleTests.xctest */;
			productType = "com.apple.product-type.bundle.unit-test";
		};
		AD980914287B9E88003202E4 /* TableViewExampleUITests */ = {
			isa = PBXNativeTarget;
			buildConfigurationList = AD980925287B9E88003202E4 /* Build configuration list for PBXNativeTarget "TableViewExampleUITests" */;
			buildPhases = (
				AD980911287B9E88003202E4 /* Sources */,
				AD980912287B9E88003202E4 /* Frameworks */,
				AD980913287B9E88003202E4 /* Resources */,
			);
			buildRules = (
			);
			dependencies = (
				AD980917287B9E88003202E4 /* PBXTargetDependency */,
			);
			name = TableViewExampleUITests;
			productName = TableViewExampleUITests;
			productReference = AD980915287B9E88003202E4 /* TableViewExampleUITests.xctest */;
			productType = "com.apple.product-type.bundle.ui-testing";
		};
/* End PBXNativeTarget section */

/* Begin PBXProject section */
		AD9808ED287B9E85003202E4 /* Project object */ = {
			isa = PBXProject;
			attributes = {
				BuildIndependentTargetsInParallel = 1;
				LastSwiftUpdateCheck = 1320;
				LastUpgradeCheck = 1320;
				TargetAttributes = {
					AD9808F4287B9E85003202E4 = {
						CreatedOnToolsVersion = 13.2.1;
					};
					AD98090A287B9E88003202E4 = {
						CreatedOnToolsVersion = 13.2.1;
						TestTargetID = AD9808F4287B9E85003202E4;
					};
					AD980914287B9E88003202E4 = {
						CreatedOnToolsVersion = 13.2.1;
						TestTargetID = AD9808F4287B9E85003202E4;
					};
				};
			};
			buildConfigurationList = AD9808F0287B9E85003202E4 /* Build configuration list for PBXProject "TableViewExample" */;
			compatibilityVersion = "Xcode 13.0";
			developmentRegion = en;
			hasScannedForEncodings = 0;
			knownRegions = (
				en,
				Base,
			);
			mainGroup = AD9808EC287B9E85003202E4;
			packageReferences = (
				AD980930287C0D6F003202E4 /* XCRemoteSwiftPackageReference "SnapKit" */,
			);
			productRefGroup = AD9808F6287B9E85003202E4 /* Products */;
			projectDirPath = "";
			projectRoot = "";
			targets = (
				AD9808F4287B9E85003202E4 /* TableViewExample */,
				AD98090A287B9E88003202E4 /* TableViewExampleTests */,
				AD980914287B9E88003202E4 /* TableViewExampleUITests */,
			);
		};
/* End PBXProject section */

/* Begin PBXResourcesBuildPhase section */
		AD9808F3287B9E85003202E4 /* Resources */ = {
			isa = PBXResourcesBuildPhase;
			buildActionMask = 2147483647;
			files = (
				AD980905287B9E87003202E4 /* LaunchScreen.storyboard in Resources */,
				AD980902287B9E87003202E4 /* Assets.xcassets in Resources */,
			);
			runOnlyForDeploymentPostprocessing = 0;
		};
		AD980909287B9E88003202E4 /* Resources */ = {
			isa = PBXResourcesBuildPhase;
			buildActionMask = 2147483647;
			files = (
			);
			runOnlyForDeploymentPostprocessing = 0;
		};
		AD980913287B9E88003202E4 /* Resources */ = {
			isa = PBXResourcesBuildPhase;
			buildActionMask = 2147483647;
			files = (
			);
			runOnlyForDeploymentPostprocessing = 0;
		};
/* End PBXResourcesBuildPhase section */

/* Begin PBXSourcesBuildPhase section */
		AD9808F1287B9E85003202E4 /* Sources */ = {
			isa = PBXSourcesBuildPhase;
			buildActionMask = 2147483647;
			files = (
				AD9A6621287CE6C30059E953 /* AssetHeaderSectionView.swift in Sources */,
				AD9808FD287B9E85003202E4 /* AssetViewController.swift in Sources */,
				AD9A662C287D25440059E953 /* AssetBottomButtonView.swift in Sources */,
				AD9A6628287D05960059E953 /* AccountDetailRowView.swift in Sources */,
				AD9808F9287B9E85003202E4 /* AppDelegate.swift in Sources */,
				AD9808FB287B9E85003202E4 /* SceneDelegate.swift in Sources */,
				AD9A662E287D4B2D0059E953 /* AssetButtonViewWithUnderBar.swift in Sources */,
				AD9A6626287CEC150059E953 /* AssetTableViewCell.swift in Sources */,
				AD9A662A287D202B0059E953 /* AccountInfoView.swift in Sources */,
			);
			runOnlyForDeploymentPostprocessing = 0;
		};
		AD980907287B9E88003202E4 /* Sources */ = {
			isa = PBXSourcesBuildPhase;
			buildActionMask = 2147483647;
			files = (
				AD980910287B9E88003202E4 /* TableViewExampleTests.swift in Sources */,
			);
			runOnlyForDeploymentPostprocessing = 0;
		};
		AD980911287B9E88003202E4 /* Sources */ = {
			isa = PBXSourcesBuildPhase;
			buildActionMask = 2147483647;
			files = (
				AD98091A287B9E88003202E4 /* TableViewExampleUITests.swift in Sources */,
				AD98091C287B9E88003202E4 /* TableViewExampleUITestsLaunchTests.swift in Sources */,
			);
			runOnlyForDeploymentPostprocessing = 0;
		};
/* End PBXSourcesBuildPhase section */

/* Begin PBXTargetDependency section */
		AD98090D287B9E88003202E4 /* PBXTargetDependency */ = {
			isa = PBXTargetDependency;
			target = AD9808F4287B9E85003202E4 /* TableViewExample */;
			targetProxy = AD98090C287B9E88003202E4 /* PBXContainerItemProxy */;
		};
		AD980917287B9E88003202E4 /* PBXTargetDependency */ = {
			isa = PBXTargetDependency;
			target = AD9808F4287B9E85003202E4 /* TableViewExample */;
			targetProxy = AD980916287B9E88003202E4 /* PBXContainerItemProxy */;
		};
/* End PBXTargetDependency section */

/* Begin PBXVariantGroup section */
		AD980903287B9E87003202E4 /* LaunchScreen.storyboard */ = {
			isa = PBXVariantGroup;
			children = (
				AD980904287B9E87003202E4 /* Base */,
			);
			name = LaunchScreen.storyboard;
			sourceTree = "<group>";
		};
/* End PBXVariantGroup section */

/* Begin XCBuildConfiguration section */
		AD98091D287B9E88003202E4 /* Debug */ = {
			isa = XCBuildConfiguration;
			buildSettings = {
				ALWAYS_SEARCH_USER_PATHS = NO;
				CLANG_ANALYZER_NONNULL = YES;
				CLANG_ANALYZER_NUMBER_OBJECT_CONVERSION = YES_AGGRESSIVE;
				CLANG_CXX_LANGUAGE_STANDARD = "gnu++17";
				CLANG_CXX_LIBRARY = "libc++";
				CLANG_ENABLE_MODULES = YES;
				CLANG_ENABLE_OBJC_ARC = YES;
				CLANG_ENABLE_OBJC_WEAK = YES;
				CLANG_WARN_BLOCK_CAPTURE_AUTORELEASING = YES;
				CLANG_WARN_BOOL_CONVERSION = YES;
				CLANG_WARN_COMMA = YES;
				CLANG_WARN_CONSTANT_CONVERSION = YES;
				CLANG_WARN_DEPRECATED_OBJC_IMPLEMENTATIONS = YES;
				CLANG_WARN_DIRECT_OBJC_ISA_USAGE = YES_ERROR;
				CLANG_WARN_DOCUMENTATION_COMMENTS = YES;
				CLANG_WARN_EMPTY_BODY = YES;
				CLANG_WARN_ENUM_CONVERSION = YES;
				CLANG_WARN_INFINITE_RECURSION = YES;
				CLANG_WARN_INT_CONVERSION = YES;
				CLANG_WARN_NON_LITERAL_NULL_CONVERSION = YES;
				CLANG_WARN_OBJC_IMPLICIT_RETAIN_SELF = YES;
				CLANG_WARN_OBJC_LITERAL_CONVERSION = YES;
				CLANG_WARN_OBJC_ROOT_CLASS = YES_ERROR;
				CLANG_WARN_QUOTED_INCLUDE_IN_FRAMEWORK_HEADER = YES;
				CLANG_WARN_RANGE_LOOP_ANALYSIS = YES;
				CLANG_WARN_STRICT_PROTOTYPES = YES;
				CLANG_WARN_SUSPICIOUS_MOVE = YES;
				CLANG_WARN_UNGUARDED_AVAILABILITY = YES_AGGRESSIVE;
				CLANG_WARN_UNREACHABLE_CODE = YES;
				CLANG_WARN__DUPLICATE_METHOD_MATCH = YES;
				COPY_PHASE_STRIP = NO;
				DEBUG_INFORMATION_FORMAT = dwarf;
				ENABLE_STRICT_OBJC_MSGSEND = YES;
				ENABLE_TESTABILITY = YES;
				GCC_C_LANGUAGE_STANDARD = gnu11;
				GCC_DYNAMIC_NO_PIC = NO;
				GCC_NO_COMMON_BLOCKS = YES;
				GCC_OPTIMIZATION_LEVEL = 0;
				GCC_PREPROCESSOR_DEFINITIONS = (
					"DEBUG=1",
					"$(inherited)",
				);
				GCC_WARN_64_TO_32_BIT_CONVERSION = YES;
				GCC_WARN_ABOUT_RETURN_TYPE = YES_ERROR;
				GCC_WARN_UNDECLARED_SELECTOR = YES;
				GCC_WARN_UNINITIALIZED_AUTOS = YES_AGGRESSIVE;
				GCC_WARN_UNUSED_FUNCTION = YES;
				GCC_WARN_UNUSED_VARIABLE = YES;
				IPHONEOS_DEPLOYMENT_TARGET = 15.2;
				MTL_ENABLE_DEBUG_INFO = INCLUDE_SOURCE;
				MTL_FAST_MATH = YES;
				ONLY_ACTIVE_ARCH = YES;
				SDKROOT = iphoneos;
				SWIFT_ACTIVE_COMPILATION_CONDITIONS = DEBUG;
				SWIFT_OPTIMIZATION_LEVEL = "-Onone";
			};
			name = Debug;
		};
		AD98091E287B9E88003202E4 /* Release */ = {
			isa = XCBuildConfiguration;
			buildSettings = {
				ALWAYS_SEARCH_USER_PATHS = NO;
				CLANG_ANALYZER_NONNULL = YES;
				CLANG_ANALYZER_NUMBER_OBJECT_CONVERSION = YES_AGGRESSIVE;
				CLANG_CXX_LANGUAGE_STANDARD = "gnu++17";
				CLANG_CXX_LIBRARY = "libc++";
				CLANG_ENABLE_MODULES = YES;
				CLANG_ENABLE_OBJC_ARC = YES;
				CLANG_ENABLE_OBJC_WEAK = YES;
				CLANG_WARN_BLOCK_CAPTURE_AUTORELEASING = YES;
				CLANG_WARN_BOOL_CONVERSION = YES;
				CLANG_WARN_COMMA = YES;
				CLANG_WARN_CONSTANT_CONVERSION = YES;
				CLANG_WARN_DEPRECATED_OBJC_IMPLEMENTATIONS = YES;
				CLANG_WARN_DIRECT_OBJC_ISA_USAGE = YES_ERROR;
				CLANG_WARN_DOCUMENTATION_COMMENTS = YES;
				CLANG_WARN_EMPTY_BODY = YES;
				CLANG_WARN_ENUM_CONVERSION = YES;
				CLANG_WARN_INFINITE_RECURSION = YES;
				CLANG_WARN_INT_CONVERSION = YES;
				CLANG_WARN_NON_LITERAL_NULL_CONVERSION = YES;
				CLANG_WARN_OBJC_IMPLICIT_RETAIN_SELF = YES;
				CLANG_WARN_OBJC_LITERAL_CONVERSION = YES;
				CLANG_WARN_OBJC_ROOT_CLASS = YES_ERROR;
				CLANG_WARN_QUOTED_INCLUDE_IN_FRAMEWORK_HEADER = YES;
				CLANG_WARN_RANGE_LOOP_ANALYSIS = YES;
				CLANG_WARN_STRICT_PROTOTYPES = YES;
				CLANG_WARN_SUSPICIOUS_MOVE = YES;
				CLANG_WARN_UNGUARDED_AVAILABILITY = YES_AGGRESSIVE;
				CLANG_WARN_UNREACHABLE_CODE = YES;
				CLANG_WARN__DUPLICATE_METHOD_MATCH = YES;
				COPY_PHASE_STRIP = NO;
				DEBUG_INFORMATION_FORMAT = "dwarf-with-dsym";
				ENABLE_NS_ASSERTIONS = NO;
				ENABLE_STRICT_OBJC_MSGSEND = YES;
				GCC_C_LANGUAGE_STANDARD = gnu11;
				GCC_NO_COMMON_BLOCKS = YES;
				GCC_WARN_64_TO_32_BIT_CONVERSION = YES;
				GCC_WARN_ABOUT_RETURN_TYPE = YES_ERROR;
				GCC_WARN_UNDECLARED_SELECTOR = YES;
				GCC_WARN_UNINITIALIZED_AUTOS = YES_AGGRESSIVE;
				GCC_WARN_UNUSED_FUNCTION = YES;
				GCC_WARN_UNUSED_VARIABLE = YES;
				IPHONEOS_DEPLOYMENT_TARGET = 15.2;
				MTL_ENABLE_DEBUG_INFO = NO;
				MTL_FAST_MATH = YES;
				SDKROOT = iphoneos;
				SWIFT_COMPILATION_MODE = wholemodule;
				SWIFT_OPTIMIZATION_LEVEL = "-O";
				VALIDATE_PRODUCT = YES;
			};
			name = Release;
		};
		AD980920287B9E88003202E4 /* Debug */ = {
			isa = XCBuildConfiguration;
			buildSettings = {
				ASSETCATALOG_COMPILER_APPICON_NAME = AppIcon;
				ASSETCATALOG_COMPILER_GLOBAL_ACCENT_COLOR_NAME = AccentColor;
				CODE_SIGN_STYLE = Automatic;
				CURRENT_PROJECT_VERSION = 1;
				DEVELOPMENT_TEAM = HDFLLXK789;
				GENERATE_INFOPLIST_FILE = YES;
				INFOPLIST_FILE = TableViewExample/Info.plist;
				INFOPLIST_KEY_UIApplicationSupportsIndirectInputEvents = YES;
				INFOPLIST_KEY_UILaunchStoryboardName = LaunchScreen;
				INFOPLIST_KEY_UIMainStoryboardFile = "";
				INFOPLIST_KEY_UISupportedInterfaceOrientations_iPad = "UIInterfaceOrientationPortrait UIInterfaceOrientationPortraitUpsideDown UIInterfaceOrientationLandscapeLeft UIInterfaceOrientationLandscapeRight";
				INFOPLIST_KEY_UISupportedInterfaceOrientations_iPhone = "UIInterfaceOrientationPortrait UIInterfaceOrientationLandscapeLeft UIInterfaceOrientationLandscapeRight";
				LD_RUNPATH_SEARCH_PATHS = (
					"$(inherited)",
					"@executable_path/Frameworks",
				);
				MARKETING_VERSION = 1.0;
				PRODUCT_BUNDLE_IDENTIFIER = com.ycompany.TableViewExample;
				PRODUCT_NAME = "$(TARGET_NAME)";
				SWIFT_EMIT_LOC_STRINGS = YES;
				SWIFT_VERSION = 5.0;
				TARGETED_DEVICE_FAMILY = "1,2";
			};
			name = Debug;
		};
		AD980921287B9E88003202E4 /* Release */ = {
			isa = XCBuildConfiguration;
			buildSettings = {
				ASSETCATALOG_COMPILER_APPICON_NAME = AppIcon;
				ASSETCATALOG_COMPILER_GLOBAL_ACCENT_COLOR_NAME = AccentColor;
				CODE_SIGN_STYLE = Automatic;
				CURRENT_PROJECT_VERSION = 1;
				DEVELOPMENT_TEAM = HDFLLXK789;
				GENERATE_INFOPLIST_FILE = YES;
				INFOPLIST_FILE = TableViewExample/Info.plist;
				INFOPLIST_KEY_UIApplicationSupportsIndirectInputEvents = YES;
				INFOPLIST_KEY_UILaunchStoryboardName = LaunchScreen;
				INFOPLIST_KEY_UIMainStoryboardFile = "";
				INFOPLIST_KEY_UISupportedInterfaceOrientations_iPad = "UIInterfaceOrientationPortrait UIInterfaceOrientationPortraitUpsideDown UIInterfaceOrientationLandscapeLeft UIInterfaceOrientationLandscapeRight";
				INFOPLIST_KEY_UISupportedInterfaceOrientations_iPhone = "UIInterfaceOrientationPortrait UIInterfaceOrientationLandscapeLeft UIInterfaceOrientationLandscapeRight";
				LD_RUNPATH_SEARCH_PATHS = (
					"$(inherited)",
					"@executable_path/Frameworks",
				);
				MARKETING_VERSION = 1.0;
				PRODUCT_BUNDLE_IDENTIFIER = com.ycompany.TableViewExample;
				PRODUCT_NAME = "$(TARGET_NAME)";
				SWIFT_EMIT_LOC_STRINGS = YES;
				SWIFT_VERSION = 5.0;
				TARGETED_DEVICE_FAMILY = "1,2";
			};
			name = Release;
		};
		AD980923287B9E88003202E4 /* Debug */ = {
			isa = XCBuildConfiguration;
			buildSettings = {
				ALWAYS_EMBED_SWIFT_STANDARD_LIBRARIES = YES;
				BUNDLE_LOADER = "$(TEST_HOST)";
				CODE_SIGN_STYLE = Automatic;
				CURRENT_PROJECT_VERSION = 1;
				DEVELOPMENT_TEAM = HDFLLXK789;
				GENERATE_INFOPLIST_FILE = YES;
				IPHONEOS_DEPLOYMENT_TARGET = 15.2;
				MARKETING_VERSION = 1.0;
				PRODUCT_BUNDLE_IDENTIFIER = com.ycompany.TableViewExampleTests;
				PRODUCT_NAME = "$(TARGET_NAME)";
				SWIFT_EMIT_LOC_STRINGS = NO;
				SWIFT_VERSION = 5.0;
				TARGETED_DEVICE_FAMILY = "1,2";
				TEST_HOST = "$(BUILT_PRODUCTS_DIR)/TableViewExample.app/TableViewExample";
			};
			name = Debug;
		};
		AD980924287B9E88003202E4 /* Release */ = {
			isa = XCBuildConfiguration;
			buildSettings = {
				ALWAYS_EMBED_SWIFT_STANDARD_LIBRARIES = YES;
				BUNDLE_LOADER = "$(TEST_HOST)";
				CODE_SIGN_STYLE = Automatic;
				CURRENT_PROJECT_VERSION = 1;
				DEVELOPMENT_TEAM = HDFLLXK789;
				GENERATE_INFOPLIST_FILE = YES;
				IPHONEOS_DEPLOYMENT_TARGET = 15.2;
				MARKETING_VERSION = 1.0;
				PRODUCT_BUNDLE_IDENTIFIER = com.ycompany.TableViewExampleTests;
				PRODUCT_NAME = "$(TARGET_NAME)";
				SWIFT_EMIT_LOC_STRINGS = NO;
				SWIFT_VERSION = 5.0;
				TARGETED_DEVICE_FAMILY = "1,2";
				TEST_HOST = "$(BUILT_PRODUCTS_DIR)/TableViewExample.app/TableViewExample";
			};
			name = Release;
		};
		AD980926287B9E88003202E4 /* Debug */ = {
			isa = XCBuildConfiguration;
			buildSettings = {
				ALWAYS_EMBED_SWIFT_STANDARD_LIBRARIES = YES;
				CODE_SIGN_STYLE = Automatic;
				CURRENT_PROJECT_VERSION = 1;
				DEVELOPMENT_TEAM = HDFLLXK789;
				GENERATE_INFOPLIST_FILE = YES;
				MARKETING_VERSION = 1.0;
				PRODUCT_BUNDLE_IDENTIFIER = com.ycompany.TableViewExampleUITests;
				PRODUCT_NAME = "$(TARGET_NAME)";
				SWIFT_EMIT_LOC_STRINGS = NO;
				SWIFT_VERSION = 5.0;
				TARGETED_DEVICE_FAMILY = "1,2";
				TEST_TARGET_NAME = TableViewExample;
			};
			name = Debug;
		};
		AD980927287B9E88003202E4 /* Release */ = {
			isa = XCBuildConfiguration;
			buildSettings = {
				ALWAYS_EMBED_SWIFT_STANDARD_LIBRARIES = YES;
				CODE_SIGN_STYLE = Automatic;
				CURRENT_PROJECT_VERSION = 1;
				DEVELOPMENT_TEAM = HDFLLXK789;
				GENERATE_INFOPLIST_FILE = YES;
				MARKETING_VERSION = 1.0;
				PRODUCT_BUNDLE_IDENTIFIER = com.ycompany.TableViewExampleUITests;
				PRODUCT_NAME = "$(TARGET_NAME)";
				SWIFT_EMIT_LOC_STRINGS = NO;
				SWIFT_VERSION = 5.0;
				TARGETED_DEVICE_FAMILY = "1,2";
				TEST_TARGET_NAME = TableViewExample;
			};
			name = Release;
		};
/* End XCBuildConfiguration section */

/* Begin XCConfigurationList section */
		AD9808F0287B9E85003202E4 /* Build configuration list for PBXProject "TableViewExample" */ = {
			isa = XCConfigurationList;
			buildConfigurations = (
				AD98091D287B9E88003202E4 /* Debug */,
				AD98091E287B9E88003202E4 /* Release */,
			);
			defaultConfigurationIsVisible = 0;
			defaultConfigurationName = Release;
		};
		AD98091F287B9E88003202E4 /* Build configuration list for PBXNativeTarget "TableViewExample" */ = {
			isa = XCConfigurationList;
			buildConfigurations = (
				AD980920287B9E88003202E4 /* Debug */,
				AD980921287B9E88003202E4 /* Release */,
			);
			defaultConfigurationIsVisible = 0;
			defaultConfigurationName = Release;
		};
		AD980922287B9E88003202E4 /* Build configuration list for PBXNativeTarget "TableViewExampleTests" */ = {
			isa = XCConfigurationList;
			buildConfigurations = (
				AD980923287B9E88003202E4 /* Debug */,
				AD980924287B9E88003202E4 /* Release */,
			);
			defaultConfigurationIsVisible = 0;
			defaultConfigurationName = Release;
		};
		AD980925287B9E88003202E4 /* Build configuration list for PBXNativeTarget "TableViewExampleUITests" */ = {
			isa = XCConfigurationList;
			buildConfigurations = (
				AD980926287B9E88003202E4 /* Debug */,
				AD980927287B9E88003202E4 /* Release */,
			);
			defaultConfigurationIsVisible = 0;
			defaultConfigurationName = Release;
		};
/* End XCConfigurationList section */

/* Begin XCRemoteSwiftPackageReference section */
		AD980930287C0D6F003202E4 /* XCRemoteSwiftPackageReference "SnapKit" */ = {
			isa = XCRemoteSwiftPackageReference;
			repositoryURL = "https://github.com/SnapKit/SnapKit.git";
			requirement = {
				kind = upToNextMajorVersion;
				minimumVersion = 5.0.0;
			};
		};
/* End XCRemoteSwiftPackageReference section */

/* Begin XCSwiftPackageProductDependency section */
		AD980931287C0D6F003202E4 /* SnapKit */ = {
			isa = XCSwiftPackageProductDependency;
			package = AD980930287C0D6F003202E4 /* XCRemoteSwiftPackageReference "SnapKit" */;
			productName = SnapKit;
		};
/* End XCSwiftPackageProductDependency section */
	};
	rootObject = AD9808ED287B9E85003202E4 /* Project object */;
}
